
Microsoft Visual Studio Solution File, Format Version 12.00
# Visual Studio Version 16
VisualStudioVersion = 16.0.30114.105
MinimumVisualStudioVersion = 10.0.40219.1
Project("{FAE04EC0-301F-11D3-BF4B-00C04F79EFBC}") = "R5T.Sparta.Types", "R5T.Sparta.Types\R5T.Sparta.Types.csproj", "{618E4CE4-0937-4BED-9F9F-88FD73CBF0A5}"
EndProject
Project("{FAE04EC0-301F-11D3-BF4B-00C04F79EFBC}") = "R5T.Sparta.Types.Construction", "R5T.Sparta.Types.Construction\R5T.Sparta.Types.Construction.csproj", "{A414995B-708A-4602-9088-E4EE89200B59}"
EndProject
Project("{FAE04EC0-301F-11D3-BF4B-00C04F79EFBC}") = "R5T.Sparta.Types.Testing", "R5T.Sparta.Types.Testing\R5T.Sparta.Types.Testing.csproj", "{13373FF3-0E4D-462C-BF59-6A4BCCF4A1A0}"
EndProject
Global
	GlobalSection(SolutionConfigurationPlatforms) = preSolution
		Debug|Any CPU = Debug|Any CPU
		Debug|x64 = Debug|x64
		Debug|x86 = Debug|x86
		Release|Any CPU = Release|Any CPU
		Release|x64 = Release|x64
		Release|x86 = Release|x86
	EndGlobalSection
	GlobalSection(SolutionProperties) = preSolution
		HideSolutionNode = FALSE
	EndGlobalSection
	GlobalSection(ProjectConfigurationPlatforms) = postSolution
		{618E4CE4-0937-4BED-9F9F-88FD73CBF0A5}.Debug|Any CPU.ActiveCfg = Debug|Any CPU
		{618E4CE4-0937-4BED-9F9F-88FD73CBF0A5}.Debug|Any CPU.Build.0 = Debug|Any CPU
		{618E4CE4-0937-4BED-9F9F-88FD73CBF0A5}.Debug|x64.ActiveCfg = Debug|Any CPU
		{618E4CE4-0937-4BED-9F9F-88FD73CBF0A5}.Debug|x64.Build.0 = Debug|Any CPU
		{618E4CE4-0937-4BED-9F9F-88FD73CBF0A5}.Debug|x86.ActiveCfg = Debug|Any CPU
		{618E4CE4-0937-4BED-9F9F-88FD73CBF0A5}.Debug|x86.Build.0 = Debug|Any CPU
		{618E4CE4-0937-4BED-9F9F-88FD73CBF0A5}.Release|Any CPU.ActiveCfg = Release|Any CPU
		{618E4CE4-0937-4BED-9F9F-88FD73CBF0A5}.Release|Any CPU.Build.0 = Release|Any CPU
		{618E4CE4-0937-4BED-9F9F-88FD73CBF0A5}.Release|x64.ActiveCfg = Release|Any CPU
		{618E4CE4-0937-4BED-9F9F-88FD73CBF0A5}.Release|x64.Build.0 = Release|Any CPU
		{618E4CE4-0937-4BED-9F9F-88FD73CBF0A5}.Release|x86.ActiveCfg = Release|Any CPU
		{618E4CE4-0937-4BED-9F9F-88FD73CBF0A5}.Release|x86.Build.0 = Release|Any CPU
		{A414995B-708A-4602-9088-E4EE89200B59}.Debug|Any CPU.ActiveCfg = Debug|Any CPU
		{A414995B-708A-4602-9088-E4EE89200B59}.Debug|Any CPU.Build.0 = Debug|Any CPU
		{A414995B-708A-4602-9088-E4EE89200B59}.Debug|x64.ActiveCfg = Debug|Any CPU
		{A414995B-708A-4602-9088-E4EE89200B59}.Debug|x64.Build.0 = Debug|Any CPU
		{A414995B-708A-4602-9088-E4EE89200B59}.Debug|x86.ActiveCfg = Debug|Any CPU
		{A414995B-708A-4602-9088-E4EE89200B59}.Debug|x86.Build.0 = Debug|Any CPU
		{A414995B-708A-4602-9088-E4EE89200B59}.Release|Any CPU.ActiveCfg = Release|Any CPU
		{A414995B-708A-4602-9088-E4EE89200B59}.Release|Any CPU.Build.0 = Release|Any CPU
		{A414995B-708A-4602-9088-E4EE89200B59}.Release|x64.ActiveCfg = Release|Any CPU
		{A414995B-708A-4602-9088-E4EE89200B59}.Release|x64.Build.0 = Release|Any CPU
		{A414995B-708A-4602-9088-E4EE89200B59}.Release|x86.ActiveCfg = Release|Any CPU
		{A414995B-708A-4602-9088-E4EE89200B59}.Release|x86.Build.0 = Release|Any CPU
		{13373FF3-0E4D-462C-BF59-6A4BCCF4A1A0}.Debug|Any CPU.ActiveCfg = Debug|Any CPU
		{13373FF3-0E4D-462C-BF59-6A4BCCF4A1A0}.Debug|Any CPU.Build.0 = Debug|Any CPU
		{13373FF3-0E4D-462C-BF59-6A4BCCF4A1A0}.Debug|x64.ActiveCfg = Debug|Any CPU
		{13373FF3-0E4D-462C-BF59-6A4BCCF4A1A0}.Debug|x64.Build.0 = Debug|Any CPU
		{13373FF3-0E4D-462C-BF59-6A4BCCF4A1A0}.Debug|x86.ActiveCfg = Debug|Any CPU
		{13373FF3-0E4D-462C-BF59-6A4BCCF4A1A0}.Debug|x86.Build.0 = Debug|Any CPU
		{13373FF3-0E4D-462C-BF59-6A4BCCF4A1A0}.Release|Any CPU.ActiveCfg = Release|Any CPU
		{13373FF3-0E4D-462C-BF59-6A4BCCF4A1A0}.Release|Any CPU.Build.0 = Release|Any CPU
		{13373FF3-0E4D-462C-BF59-6A4BCCF4A1A0}.Release|x64.ActiveCfg = Release|Any CPU
		{13373FF3-0E4D-462C-BF59-6A4BCCF4A1A0}.Release|x64.Build.0 = Release|Any CPU
		{13373FF3-0E4D-462C-BF59-6A4BCCF4A1A0}.Release|x86.ActiveCfg = Release|Any CPU
		{13373FF3-0E4D-462C-BF59-6A4BCCF4A1A0}.Release|x86.Build.0 = Release|Any CPU
	EndGlobalSection
EndGlobal
